// !$*UTF8*$!
{
	archiveVersion = 1;
	classes = {
	};
	objectVersion = 46;
	objects = {

/* Begin PBXBuildFile section */
		3800B1F81BB0248F00A56E88 /* AppDelegate.swift in Sources */ = {isa = PBXBuildFile; fileRef = 3800B1F71BB0248F00A56E88 /* AppDelegate.swift */; };
		3800B1FF1BB0248F00A56E88 /* Assets.xcassets in Resources */ = {isa = PBXBuildFile; fileRef = 3800B1FE1BB0248F00A56E88 /* Assets.xcassets */; };
		3800B2141BB0290E00A56E88 /* MainViewController.swift in Sources */ = {isa = PBXBuildFile; fileRef = 3800B2131BB0290E00A56E88 /* MainViewController.swift */; settings = {ASSET_TAGS = (); }; };
		3800B2171BB02B5500A56E88 /* HomeViewController.swift in Sources */ = {isa = PBXBuildFile; fileRef = 3800B2161BB02B5500A56E88 /* HomeViewController.swift */; settings = {ASSET_TAGS = (); }; };
		3800B2191BB0309800A56E88 /* MessageViewController.swift in Sources */ = {isa = PBXBuildFile; fileRef = 3800B2181BB0309800A56E88 /* MessageViewController.swift */; settings = {ASSET_TAGS = (); }; };
		3800B21B1BB030A600A56E88 /* ProfileViewController.swift in Sources */ = {isa = PBXBuildFile; fileRef = 3800B21A1BB030A600A56E88 /* ProfileViewController.swift */; settings = {ASSET_TAGS = (); }; };
		3800B21D1BB030BB00A56E88 /* DiscoverViewController.swift in Sources */ = {isa = PBXBuildFile; fileRef = 3800B21C1BB030BB00A56E88 /* DiscoverViewController.swift */; settings = {ASSET_TAGS = (); }; };
		38C3C3621BB0EF0000054E8D /* UIButton + Extention.swift in Sources */ = {isa = PBXBuildFile; fileRef = 38C3C3611BB0EF0000054E8D /* UIButton + Extention.swift */; settings = {ASSET_TAGS = (); }; };
/* End PBXBuildFile section */

/* Begin PBXFileReference section */
		3800B1F41BB0248F00A56E88 /* RPSinaWeibo.app */ = {isa = PBXFileReference; explicitFileType = wrapper.application; includeInIndex = 0; path = RPSinaWeibo.app; sourceTree = BUILT_PRODUCTS_DIR; };
		3800B1F71BB0248F00A56E88 /* AppDelegate.swift */ = {isa = PBXFileReference; lastKnownFileType = sourcecode.swift; path = AppDelegate.swift; sourceTree = "<group>"; };
		3800B1FE1BB0248F00A56E88 /* Assets.xcassets */ = {isa = PBXFileReference; lastKnownFileType = folder.assetcatalog; path = Assets.xcassets; sourceTree = "<group>"; };
		3800B2031BB0248F00A56E88 /* Info.plist */ = {isa = PBXFileReference; lastKnownFileType = text.plist.xml; name = Info.plist; path = ../Info.plist; sourceTree = "<group>"; };
		3800B2131BB0290E00A56E88 /* MainViewController.swift */ = {isa = PBXFileReference; fileEncoding = 4; lastKnownFileType = sourcecode.swift; path = MainViewController.swift; sourceTree = "<group>"; };
		3800B2161BB02B5500A56E88 /* HomeViewController.swift */ = {isa = PBXFileReference; fileEncoding = 4; lastKnownFileType = sourcecode.swift; path = HomeViewController.swift; sourceTree = "<group>"; };
		3800B2181BB0309800A56E88 /* MessageViewController.swift */ = {isa = PBXFileReference; fileEncoding = 4; lastKnownFileType = sourcecode.swift; path = MessageViewController.swift; sourceTree = "<group>"; };
		3800B21A1BB030A600A56E88 /* ProfileViewController.swift */ = {isa = PBXFileReference; fileEncoding = 4; lastKnownFileType = sourcecode.swift; path = ProfileViewController.swift; sourceTree = "<group>"; };
		3800B21C1BB030BB00A56E88 /* DiscoverViewController.swift */ = {isa = PBXFileReference; fileEncoding = 4; lastKnownFileType = sourcecode.swift; path = DiscoverViewController.swift; sourceTree = "<group>"; };
		38C3C3611BB0EF0000054E8D /* UIButton + Extention.swift */ = {isa = PBXFileReference; fileEncoding = 4; lastKnownFileType = sourcecode.swift; path = "UIButton + Extention.swift"; sourceTree = "<group>"; };
/* End PBXFileReference section */

/* Begin PBXFrameworksBuildPhase section */
		3800B1F11BB0248F00A56E88 /* Frameworks */ = {
			isa = PBXFrameworksBuildPhase;
			buildActionMask = 2147483647;
			files = (
			);
			runOnlyForDeploymentPostprocessing = 0;
		};
/* End PBXFrameworksBuildPhase section */

/* Begin PBXGroup section */
		3800B1EB1BB0248F00A56E88 = {
			isa = PBXGroup;
			children = (
				3800B1F61BB0248F00A56E88 /* RPSinaWeibo */,
				3800B1F51BB0248F00A56E88 /* Products */,
			);
			sourceTree = "<group>";
		};
		3800B1F51BB0248F00A56E88 /* Products */ = {
			isa = PBXGroup;
			children = (
				3800B1F41BB0248F00A56E88 /* RPSinaWeibo.app */,
			);
			name = Products;
			sourceTree = "<group>";
		};
		3800B1F61BB0248F00A56E88 /* RPSinaWeibo */ = {
			isa = PBXGroup;
			children = (
				3800B2091BB0288B00A56E88 /* Classes */,
				3800B1F71BB0248F00A56E88 /* AppDelegate.swift */,
				3800B1FE1BB0248F00A56E88 /* Assets.xcassets */,
				3800B2151BB029A700A56E88 /* Other */,
			);
			path = RPSinaWeibo;
			sourceTree = "<group>";
		};
		3800B2091BB0288B00A56E88 /* Classes */ = {
			isa = PBXGroup;
			children = (
				3800B20B1BB0288B00A56E88 /* Tools */,
				3800B20A1BB0288B00A56E88 /* Model */,
				3800B2121BB0288B00A56E88 /* ViewModel */,
				3800B20C1BB0288B00A56E88 /* View(包括View和Controller) */,
			);
			path = Classes;
			sourceTree = "<group>";
		};
		3800B20A1BB0288B00A56E88 /* Model */ = {
			isa = PBXGroup;
			children = (
			);
			path = Model;
			sourceTree = "<group>";
		};
		3800B20B1BB0288B00A56E88 /* Tools */ = {
			isa = PBXGroup;
			children = (
				38C3C3601BB0EEDA00054E8D /* Extention */,
			);
			path = Tools;
			sourceTree = "<group>";
		};
		3800B20C1BB0288B00A56E88 /* View(包括View和Controller) */ = {
			isa = PBXGroup;
			children = (
				3800B20F1BB0288B00A56E88 /* Main */,
				3800B20D1BB0288B00A56E88 /* Discover */,
				3800B20E1BB0288B00A56E88 /* Home */,
				3800B2101BB0288B00A56E88 /* Message */,
				3800B2111BB0288B00A56E88 /* Profile */,
			);
			name = "View(包括View和Controller)";
			path = View;
			sourceTree = "<group>";
		};
		3800B20D1BB0288B00A56E88 /* Discover */ = {
			isa = PBXGroup;
			children = (
				3800B21C1BB030BB00A56E88 /* DiscoverViewController.swift */,
			);
			path = Discover;
			sourceTree = "<group>";
		};
		3800B20E1BB0288B00A56E88 /* Home */ = {
			isa = PBXGroup;
			children = (
				3800B2161BB02B5500A56E88 /* HomeViewController.swift */,
			);
			path = Home;
			sourceTree = "<group>";
		};
		3800B20F1BB0288B00A56E88 /* Main */ = {
			isa = PBXGroup;
			children = (
				3800B2131BB0290E00A56E88 /* MainViewController.swift */,
			);
			path = Main;
			sourceTree = "<group>";
		};
		3800B2101BB0288B00A56E88 /* Message */ = {
			isa = PBXGroup;
			children = (
				3800B2181BB0309800A56E88 /* MessageViewController.swift */,
			);
			path = Message;
			sourceTree = "<group>";
		};
		3800B2111BB0288B00A56E88 /* Profile */ = {
			isa = PBXGroup;
			children = (
				3800B21A1BB030A600A56E88 /* ProfileViewController.swift */,
			);
			path = Profile;
			sourceTree = "<group>";
		};
		3800B2121BB0288B00A56E88 /* ViewModel */ = {
			isa = PBXGroup;
			children = (
			);
			path = ViewModel;
			sourceTree = "<group>";
		};
		3800B2151BB029A700A56E88 /* Other */ = {
			isa = PBXGroup;
			children = (
				3800B2031BB0248F00A56E88 /* Info.plist */,
			);
			path = Other;
			sourceTree = "<group>";
		};
		38C3C3601BB0EEDA00054E8D /* Extention */ = {
			isa = PBXGroup;
			children = (
				38C3C3611BB0EF0000054E8D /* UIButton + Extention.swift */,
			);
			path = Extention;
			sourceTree = "<group>";
		};
/* End PBXGroup section */

/* Begin PBXNativeTarget section */
		3800B1F31BB0248F00A56E88 /* RPSinaWeibo */ = {
			isa = PBXNativeTarget;
			buildConfigurationList = 3800B2061BB0248F00A56E88 /* Build configuration list for PBXNativeTarget "RPSinaWeibo" */;
			buildPhases = (
				3800B1F01BB0248F00A56E88 /* Sources */,
				3800B1F11BB0248F00A56E88 /* Frameworks */,
				3800B1F21BB0248F00A56E88 /* Resources */,
			);
			buildRules = (
			);
			dependencies = (
			);
			name = RPSinaWeibo;
			productName = RPSinaWeibo;
			productReference = 3800B1F41BB0248F00A56E88 /* RPSinaWeibo.app */;
			productType = "com.apple.product-type.application";
		};
/* End PBXNativeTarget section */

/* Begin PBXProject section */
		3800B1EC1BB0248F00A56E88 /* Project object */ = {
			isa = PBXProject;
			attributes = {
				LastUpgradeCheck = 0700;
				ORGANIZATIONNAME = renpan;
				TargetAttributes = {
					3800B1F31BB0248F00A56E88 = {
						CreatedOnToolsVersion = 7.0;
					};
				};
			};
			buildConfigurationList = 3800B1EF1BB0248F00A56E88 /* Build configuration list for PBXProject "RPSinaWeibo" */;
			compatibilityVersion = "Xcode 3.2";
			developmentRegion = English;
			hasScannedForEncodings = 0;
			knownRegions = (
				en,
				Base,
			);
			mainGroup = 3800B1EB1BB0248F00A56E88;
			productRefGroup = 3800B1F51BB0248F00A56E88 /* Products */;
			projectDirPath = "";
			projectRoot = "";
			targets = (
				3800B1F31BB0248F00A56E88 /* RPSinaWeibo */,
			);
		};
/* End PBXProject section */

/* Begin PBXResourcesBuildPhase section */
		3800B1F21BB0248F00A56E88 /* Resources */ = {
			isa = PBXResourcesBuildPhase;
			buildActionMask = 2147483647;
			files = (
				3800B1FF1BB0248F00A56E88 /* Assets.xcassets in Resources */,
			);
			runOnlyForDeploymentPostprocessing = 0;
		};
/* End PBXResourcesBuildPhase section */

/* Begin PBXSourcesBuildPhase section */
		3800B1F01BB0248F00A56E88 /* Sources */ = {
			isa = PBXSourcesBuildPhase;
			buildActionMask = 2147483647;
			files = (
				3800B1F81BB0248F00A56E88 /* AppDelegate.swift in Sources */,
				3800B2141BB0290E00A56E88 /* MainViewController.swift in Sources */,
				3800B21B1BB030A600A56E88 /* ProfileViewController.swift in Sources */,
				3800B21D1BB030BB00A56E88 /* DiscoverViewController.swift in Sources */,
				3800B2191BB0309800A56E88 /* MessageViewController.swift in Sources */,
				3800B2171BB02B5500A56E88 /* HomeViewController.swift in Sources */,
				38C3C3621BB0EF0000054E8D /* UIButton + Extention.swift in Sources */,
			);
			runOnlyForDeploymentPostprocessing = 0;
		};
/* End PBXSourcesBuildPhase section */

/* Begin XCBuildConfiguration section */
		3800B2041BB0248F00A56E88 /* Debug */ = {
			isa = XCBuildConfiguration;
			buildSettings = {
				ALWAYS_SEARCH_USER_PATHS = NO;
				CLANG_CXX_LANGUAGE_STANDARD = "gnu++0x";
				CLANG_CXX_LIBRARY = "libc++";
				CLANG_ENABLE_MODULES = YES;
				CLANG_ENABLE_OBJC_ARC = YES;
				CLANG_WARN_BOOL_CONVERSION = YES;
				CLANG_WARN_CONSTANT_CONVERSION = YES;
				CLANG_WARN_DIRECT_OBJC_ISA_USAGE = YES_ERROR;
				CLANG_WARN_EMPTY_BODY = YES;
				CLANG_WARN_ENUM_CONVERSION = YES;
				CLANG_WARN_INT_CONVERSION = YES;
				CLANG_WARN_OBJC_ROOT_CLASS = YES_ERROR;
				CLANG_WARN_UNREACHABLE_CODE = YES;
				CLANG_WARN__DUPLICATE_METHOD_MATCH = YES;
				"CODE_SIGN_IDENTITY[sdk=iphoneos*]" = "iPhone Developer";
				COPY_PHASE_STRIP = NO;
				DEBUG_INFORMATION_FORMAT = dwarf;
				ENABLE_STRICT_OBJC_MSGSEND = YES;
				ENABLE_TESTABILITY = YES;
				GCC_C_LANGUAGE_STANDARD = gnu99;
				GCC_DYNAMIC_NO_PIC = NO;
				GCC_NO_COMMON_BLOCKS = YES;
				GCC_OPTIMIZATION_LEVEL = 0;
				GCC_PREPROCESSOR_DEFINITIONS = (
					"DEBUG=1",
					"$(inherited)",
				);
				GCC_WARN_64_TO_32_BIT_CONVERSION = YES;
				GCC_WARN_ABOUT_RETURN_TYPE = YES_ERROR;
				GCC_WARN_UNDECLARED_SELECTOR = YES;
				GCC_WARN_UNINITIALIZED_AUTOS = YES_AGGRESSIVE;
				GCC_WARN_UNUSED_FUNCTION = YES;
				GCC_WARN_UNUSED_VARIABLE = YES;
				IPHONEOS_DEPLOYMENT_TARGET = 9.0;
				MTL_ENABLE_DEBUG_INFO = YES;
				ONLY_ACTIVE_ARCH = YES;
				SDKROOT = iphoneos;
				SWIFT_OPTIMIZATION_LEVEL = "-Onone";
				TARGETED_DEVICE_FAMILY = "1,2";
			};
			name = Debug;
		};
		3800B2051BB0248F00A56E88 /* Release */ = {
			isa = XCBuildConfiguration;
			buildSettings = {
				ALWAYS_SEARCH_USER_PATHS = NO;
				CLANG_CXX_LANGUAGE_STANDARD = "gnu++0x";
				CLANG_CXX_LIBRARY = "libc++";
				CLANG_ENABLE_MODULES = YES;
				CLANG_ENABLE_OBJC_ARC = YES;
				CLANG_WARN_BOOL_CONVERSION = YES;
				CLANG_WARN_CONSTANT_CONVERSION = YES;
				CLANG_WARN_DIRECT_OBJC_ISA_USAGE = YES_ERROR;
				CLANG_WARN_EMPTY_BODY = YES;
				CLANG_WARN_ENUM_CONVERSION = YES;
				CLANG_WARN_INT_CONVERSION = YES;
				CLANG_WARN_OBJC_ROOT_CLASS = YES_ERROR;
				CLANG_WARN_UNREACHABLE_CODE = YES;
				CLANG_WARN__DUPLICATE_METHOD_MATCH = YES;
				"CODE_SIGN_IDENTITY[sdk=iphoneos*]" = "iPhone Developer";
				COPY_PHASE_STRIP = NO;
				DEBUG_INFORMATION_FORMAT = "dwarf-with-dsym";
				ENABLE_NS_ASSERTIONS = NO;
				ENABLE_STRICT_OBJC_MSGSEND = YES;
				GCC_C_LANGUAGE_STANDARD = gnu99;
				GCC_NO_COMMON_BLOCKS = YES;
				GCC_WARN_64_TO_32_BIT_CONVERSION = YES;
				GCC_WARN_ABOUT_RETURN_TYPE = YES_ERROR;
				GCC_WARN_UNDECLARED_SELECTOR = YES;
				GCC_WARN_UNINITIALIZED_AUTOS = YES_AGGRESSIVE;
				GCC_WARN_UNUSED_FUNCTION = YES;
				GCC_WARN_UNUSED_VARIABLE = YES;
				IPHONEOS_DEPLOYMENT_TARGET = 9.0;
				MTL_ENABLE_DEBUG_INFO = NO;
				SDKROOT = iphoneos;
				TARGETED_DEVICE_FAMILY = "1,2";
				VALIDATE_PRODUCT = YES;
			};
			name = Release;
		};
		3800B2071BB0248F00A56E88 /* Debug */ = {
			isa = XCBuildConfiguration;
			buildSettings = {
				ASSETCATALOG_COMPILER_APPICON_NAME = AppIcon;
				ASSETCATALOG_COMPILER_LAUNCHIMAGE_NAME = BrandAsset;
				INFOPLIST_FILE = RPSinaWeibo/Info.plist;
				IPHONEOS_DEPLOYMENT_TARGET = 8.4;
				LD_RUNPATH_SEARCH_PATHS = "$(inherited) @executable_path/Frameworks";
				PRODUCT_BUNDLE_IDENTIFIER = cn.itcast.RPSinaWeibo;
				PRODUCT_NAME = "$(TARGET_NAME)";
			};
			name = Debug;
		};
		3800B2081BB0248F00A56E88 /* Release */ = {
			isa = XCBuildConfiguration;
			buildSettings = {
				ASSETCATALOG_COMPILER_APPICON_NAME = AppIcon;
				ASSETCATALOG_COMPILER_LAUNCHIMAGE_NAME = BrandAsset;
				INFOPLIST_FILE = RPSinaWeibo/Info.plist;
				IPHONEOS_DEPLOYMENT_TARGET = 8.4;
				LD_RUNPATH_SEARCH_PATHS = "$(inherited) @executable_path/Frameworks";
				PRODUCT_BUNDLE_IDENTIFIER = cn.itcast.RPSinaWeibo;
				PRODUCT_NAME = "$(TARGET_NAME)";
			};
			name = Release;
		};
/* End XCBuildConfiguration section */

/* Begin XCConfigurationList section */
		3800B1EF1BB0248F00A56E88 /* Build configuration list for PBXProject "RPSinaWeibo" */ = {
			isa = XCConfigurationList;
			buildConfigurations = (
				3800B2041BB0248F00A56E88 /* Debug */,
				3800B2051BB0248F00A56E88 /* Release */,
			);
			defaultConfigurationIsVisible = 0;
			defaultConfigurationName = Release;
		};
		3800B2061BB0248F00A56E88 /* Build configuration list for PBXNativeTarget "RPSinaWeibo" */ = {
			isa = XCConfigurationList;
			buildConfigurations = (
				3800B2071BB0248F00A56E88 /* Debug */,
				3800B2081BB0248F00A56E88 /* Release */,
			);
			defaultConfigurationIsVisible = 0;
			defaultConfigurationName = Release;
		};
/* End XCConfigurationList section */
	};
	rootObject = 3800B1EC1BB0248F00A56E88 /* Project object */;
}
